
Microsoft Visual Studio Solution File, Format Version 12.00
# Visual Studio Version 17
VisualStudioVersion = 17.7.34221.43
MinimumVisualStudioVersion = 10.0.40219.1
Project("{FAE04EC0-301F-11D3-BF4B-00C04F79EFBC}") = "AlgLab9", "AlgLab9.csproj", "{A96AB9D0-B2BE-4335-BB30-6111D7E09C49}"
EndProject
Global
	GlobalSection(SolutionConfigurationPlatforms) = preSolution
		Debug|Any CPU = Debug|Any CPU
		Release|Any CPU = Release|Any CPU
	EndGlobalSection
	GlobalSection(ProjectConfigurationPlatforms) = postSolution
		{A96AB9D0-B2BE-4335-BB30-6111D7E09C49}.Debug|Any CPU.ActiveCfg = Debug|Any CPU
		{A96AB9D0-B2BE-4335-BB30-6111D7E09C49}.Debug|Any CPU.Build.0 = Debug|Any CPU
		{A96AB9D0-B2BE-4335-BB30-6111D7E09C49}.Release|Any CPU.ActiveCfg = Release|Any CPU
		{A96AB9D0-B2BE-4335-BB30-6111D7E09C49}.Release|Any CPU.Build.0 = Release|Any CPU
	EndGlobalSection
	GlobalSection(SolutionProperties) = preSolution
		HideSolutionNode = FALSE
	EndGlobalSection
	GlobalSection(ExtensibilityGlobals) = postSolution
		SolutionGuid = {CF90EB89-8F60-4B6A-B954-12B5BCCF963B}
	EndGlobalSection
EndGlobal
